
Microsoft Visual Studio Solution File, Format Version 12.00
# Visual Studio 15
VisualStudioVersion = 15.0.28010.2036
MinimumVisualStudioVersion = 10.0.40219.1
Project("{FAE04EC0-301F-11D3-BF4B-00C04F79EFBC}") = "EXAM", "EXAM\EXAM.csproj", "{D68E233F-917E-40A1-92E7-65C6FA201CD9}"
EndProject
Project("{FAE04EC0-301F-11D3-BF4B-00C04F79EFBC}") = "EXAM1", "EXAM1\EXAM1.csproj", "{104EE7EF-2CAE-472E-9B95-65CD379C4999}"
EndProject
Global
	GlobalSection(SolutionConfigurationPlatforms) = preSolution
		Debug|ARM = Debug|ARM
		Debug|x64 = Debug|x64
		Debug|x86 = Debug|x86
		Release|ARM = Release|ARM
		Release|x64 = Release|x64
		Release|x86 = Release|x86
	EndGlobalSection
	GlobalSection(ProjectConfigurationPlatforms) = postSolution
		{D68E233F-917E-40A1-92E7-65C6FA201CD9}.Debug|ARM.ActiveCfg = Debug|ARM
		{D68E233F-917E-40A1-92E7-65C6FA201CD9}.Debug|ARM.Build.0 = Debug|ARM
		{D68E233F-917E-40A1-92E7-65C6FA201CD9}.Debug|ARM.Deploy.0 = Debug|ARM
		{D68E233F-917E-40A1-92E7-65C6FA201CD9}.Debug|x64.ActiveCfg = Debug|x64
		{D68E233F-917E-40A1-92E7-65C6FA201CD9}.Debug|x64.Build.0 = Debug|x64
		{D68E233F-917E-40A1-92E7-65C6FA201CD9}.Debug|x64.Deploy.0 = Debug|x64
		{D68E233F-917E-40A1-92E7-65C6FA201CD9}.Debug|x86.ActiveCfg = Debug|x86
		{D68E233F-917E-40A1-92E7-65C6FA201CD9}.Debug|x86.Build.0 = Debug|x86
		{D68E233F-917E-40A1-92E7-65C6FA201CD9}.Debug|x86.Deploy.0 = Debug|x86
		{D68E233F-917E-40A1-92E7-65C6FA201CD9}.Release|ARM.ActiveCfg = Release|ARM
		{D68E233F-917E-40A1-92E7-65C6FA201CD9}.Release|ARM.Build.0 = Release|ARM
		{D68E233F-917E-40A1-92E7-65C6FA201CD9}.Release|ARM.Deploy.0 = Release|ARM
		{D68E233F-917E-40A1-92E7-65C6FA201CD9}.Release|x64.ActiveCfg = Release|x64
		{D68E233F-917E-40A1-92E7-65C6FA201CD9}.Release|x64.Build.0 = Release|x64
		{D68E233F-917E-40A1-92E7-65C6FA201CD9}.Release|x64.Deploy.0 = Release|x64
		{D68E233F-917E-40A1-92E7-65C6FA201CD9}.Release|x86.ActiveCfg = Release|x86
		{D68E233F-917E-40A1-92E7-65C6FA201CD9}.Release|x86.Build.0 = Release|x86
		{D68E233F-917E-40A1-92E7-65C6FA201CD9}.Release|x86.Deploy.0 = Release|x86
		{104EE7EF-2CAE-472E-9B95-65CD379C4999}.Debug|ARM.ActiveCfg = Debug|ARM
		{104EE7EF-2CAE-472E-9B95-65CD379C4999}.Debug|ARM.Build.0 = Debug|ARM
		{104EE7EF-2CAE-472E-9B95-65CD379C4999}.Debug|ARM.Deploy.0 = Debug|ARM
		{104EE7EF-2CAE-472E-9B95-65CD379C4999}.Debug|x64.ActiveCfg = Debug|x64
		{104EE7EF-2CAE-472E-9B95-65CD379C4999}.Debug|x64.Build.0 = Debug|x64
		{104EE7EF-2CAE-472E-9B95-65CD379C4999}.Debug|x64.Deploy.0 = Debug|x64
		{104EE7EF-2CAE-472E-9B95-65CD379C4999}.Debug|x86.ActiveCfg = Debug|x86
		{104EE7EF-2CAE-472E-9B95-65CD379C4999}.Debug|x86.Build.0 = Debug|x86
		{104EE7EF-2CAE-472E-9B95-65CD379C4999}.Debug|x86.Deploy.0 = Debug|x86
		{104EE7EF-2CAE-472E-9B95-65CD379C4999}.Release|ARM.ActiveCfg = Release|ARM
		{104EE7EF-2CAE-472E-9B95-65CD379C4999}.Release|ARM.Build.0 = Release|ARM
		{104EE7EF-2CAE-472E-9B95-65CD379C4999}.Release|ARM.Deploy.0 = Release|ARM
		{104EE7EF-2CAE-472E-9B95-65CD379C4999}.Release|x64.ActiveCfg = Release|x64
		{104EE7EF-2CAE-472E-9B95-65CD379C4999}.Release|x64.Build.0 = Release|x64
		{104EE7EF-2CAE-472E-9B95-65CD379C4999}.Release|x64.Deploy.0 = Release|x64
		{104EE7EF-2CAE-472E-9B95-65CD379C4999}.Release|x86.ActiveCfg = Release|x86
		{104EE7EF-2CAE-472E-9B95-65CD379C4999}.Release|x86.Build.0 = Release|x86
		{104EE7EF-2CAE-472E-9B95-65CD379C4999}.Release|x86.Deploy.0 = Release|x86
	EndGlobalSection
	GlobalSection(SolutionProperties) = preSolution
		HideSolutionNode = FALSE
	EndGlobalSection
	GlobalSection(ExtensibilityGlobals) = postSolution
		SolutionGuid = {249CB795-3347-4875-A19D-14057FD80D66}
	EndGlobalSection
EndGlobal
